// !$*UTF8*$!
{
	archiveVersion = 1;
	classes = {
	};
	objectVersion = 46;
	objects = {

/* Begin PBXBuildFile section */
		9AF0DB5D1DD5A43C00FE5B05 /* AppDelegate.swift in Sources */ = {isa = PBXBuildFile; fileRef = 9AF0DB5C1DD5A43C00FE5B05 /* AppDelegate.swift */; };
		9AF0DB5F1DD5A43C00FE5B05 /* ViewController.swift in Sources */ = {isa = PBXBuildFile; fileRef = 9AF0DB5E1DD5A43C00FE5B05 /* ViewController.swift */; };
		9AF0DB621DD5A43C00FE5B05 /* Main.storyboard in Resources */ = {isa = PBXBuildFile; fileRef = 9AF0DB601DD5A43C00FE5B05 /* Main.storyboard */; };
		9AF0DB641DD5A43C00FE5B05 /* Assets.xcassets in Resources */ = {isa = PBXBuildFile; fileRef = 9AF0DB631DD5A43C00FE5B05 /* Assets.xcassets */; };
		9AF0DB671DD5A43C00FE5B05 /* LaunchScreen.storyboard in Resources */ = {isa = PBXBuildFile; fileRef = 9AF0DB651DD5A43C00FE5B05 /* LaunchScreen.storyboard */; };
/* End PBXBuildFile section */

/* Begin PBXFileReference section */
		9AF0DB591DD5A43B00FE5B05 /* Algorithm_swift.app */ = {isa = PBXFileReference; explicitFileType = wrapper.application; includeInIndex = 0; path = Algorithm_swift.app; sourceTree = BUILT_PRODUCTS_DIR; };
		9AF0DB5C1DD5A43C00FE5B05 /* AppDelegate.swift */ = {isa = PBXFileReference; lastKnownFileType = sourcecode.swift; path = AppDelegate.swift; sourceTree = "<group>"; };
		9AF0DB5E1DD5A43C00FE5B05 /* ViewController.swift */ = {isa = PBXFileReference; lastKnownFileType = sourcecode.swift; path = ViewController.swift; sourceTree = "<group>"; };
		9AF0DB611DD5A43C00FE5B05 /* Base */ = {isa = PBXFileReference; lastKnownFileType = file.storyboard; name = Base; path = Base.lproj/Main.storyboard; sourceTree = "<group>"; };
		9AF0DB631DD5A43C00FE5B05 /* Assets.xcassets */ = {isa = PBXFileReference; lastKnownFileType = folder.assetcatalog; path = Assets.xcassets; sourceTree = "<group>"; };
		9AF0DB661DD5A43C00FE5B05 /* Base */ = {isa = PBXFileReference; lastKnownFileType = file.storyboard; name = Base; path = Base.lproj/LaunchScreen.storyboard; sourceTree = "<group>"; };
		9AF0DB681DD5A43C00FE5B05 /* Info.plist */ = {isa = PBXFileReference; lastKnownFileType = text.plist.xml; path = Info.plist; sourceTree = "<group>"; };
/* End PBXFileReference section */

/* Begin PBXFrameworksBuildPhase section */
		9AF0DB561DD5A43B00FE5B05 /* Frameworks */ = {
			isa = PBXFrameworksBuildPhase;
			buildActionMask = 2147483647;
			files = (
			);
			runOnlyForDeploymentPostprocessing = 0;
		};
/* End PBXFrameworksBuildPhase section */

/* Begin PBXGroup section */
		9AF0DB501DD5A43B00FE5B05 = {
			isa = PBXGroup;
			children = (
				9AF0DB5B1DD5A43C00FE5B05 /* Algorithm_swift */,
				9AF0DB5A1DD5A43C00FE5B05 /* Products */,
			);
			sourceTree = "<group>";
		};
		9AF0DB5A1DD5A43C00FE5B05 /* Products */ = {
			isa = PBXGroup;
			children = (
				9AF0DB591DD5A43B00FE5B05 /* Algorithm_swift.app */,
			);
			name = Products;
			sourceTree = "<group>";
		};
		9AF0DB5B1DD5A43C00FE5B05 /* Algorithm_swift */ = {
			isa = PBXGroup;
			children = (
				9AF0DB5C1DD5A43C00FE5B05 /* AppDelegate.swift */,
				9AF0DB5E1DD5A43C00FE5B05 /* ViewController.swift */,
				9AF0DB601DD5A43C00FE5B05 /* Main.storyboard */,
				9AF0DB631DD5A43C00FE5B05 /* Assets.xcassets */,
				9AF0DB651DD5A43C00FE5B05 /* LaunchScreen.storyboard */,
				9AF0DB681DD5A43C00FE5B05 /* Info.plist */,
			);
			path = Algorithm_swift;
			sourceTree = "<group>";
		};
/* End PBXGroup section */

/* Begin PBXNativeTarget section */
		9AF0DB581DD5A43B00FE5B05 /* Algorithm_swift */ = {
			isa = PBXNativeTarget;
			buildConfigurationList = 9AF0DB6B1DD5A43C00FE5B05 /* Build configuration list for PBXNativeTarget "Algorithm_swift" */;
			buildPhases = (
				9AF0DB551DD5A43B00FE5B05 /* Sources */,
				9AF0DB561DD5A43B00FE5B05 /* Frameworks */,
				9AF0DB571DD5A43B00FE5B05 /* Resources */,
			);
			buildRules = (
			);
			dependencies = (
			);
			name = Algorithm_swift;
			productName = Algorithm_swift;
			productReference = 9AF0DB591DD5A43B00FE5B05 /* Algorithm_swift.app */;
			productType = "com.apple.product-type.application";
		};
/* End PBXNativeTarget section */

/* Begin PBXProject section */
		9AF0DB511DD5A43B00FE5B05 /* Project object */ = {
			isa = PBXProject;
			attributes = {
				LastSwiftUpdateCheck = 0810;
				LastUpgradeCheck = 0810;
				ORGANIZATIONNAME = "Huang Yanan";
				TargetAttributes = {
					9AF0DB581DD5A43B00FE5B05 = {
						CreatedOnToolsVersion = 8.1;
						DevelopmentTeam = 7SL7B4MD27;
						ProvisioningStyle = Automatic;
					};
				};
			};
			buildConfigurationList = 9AF0DB541DD5A43B00FE5B05 /* Build configuration list for PBXProject "Algorithm_swift" */;
			compatibilityVersion = "Xcode 3.2";
			developmentRegion = English;
			hasScannedForEncodings = 0;
			knownRegions = (
				en,
				Base,
			);
			mainGroup = 9AF0DB501DD5A43B00FE5B05;
			productRefGroup = 9AF0DB5A1DD5A43C00FE5B05 /* Products */;
			projectDirPath = "";
			projectRoot = "";
			targets = (
				9AF0DB581DD5A43B00FE5B05 /* Algorithm_swift */,
			);
		};
/* End PBXProject section */

/* Begin PBXResourcesBuildPhase section */
		9AF0DB571DD5A43B00FE5B05 /* Resources */ = {
			isa = PBXResourcesBuildPhase;
			buildActionMask = 2147483647;
			files = (
				9AF0DB671DD5A43C00FE5B05 /* LaunchScreen.storyboard in Resources */,
				9AF0DB641DD5A43C00FE5B05 /* Assets.xcassets in Resources */,
				9AF0DB621DD5A43C00FE5B05 /* Main.storyboard in Resources */,
			);
			runOnlyForDeploymentPostprocessing = 0;
		};
/* End PBXResourcesBuildPhase section */

/* Begin PBXSourcesBuildPhase section */
		9AF0DB551DD5A43B00FE5B05 /* Sources */ = {
			isa = PBXSourcesBuildPhase;
			buildActionMask = 2147483647;
			files = (
				9AF0DB5F1DD5A43C00FE5B05 /* ViewController.swift in Sources */,
				9AF0DB5D1DD5A43C00FE5B05 /* AppDelegate.swift in Sources */,
			);
			runOnlyForDeploymentPostprocessing = 0;
		};
/* End PBXSourcesBuildPhase section */

/* Begin PBXVariantGroup section */
		9AF0DB601DD5A43C00FE5B05 /* Main.storyboard */ = {
			isa = PBXVariantGroup;
			children = (
				9AF0DB611DD5A43C00FE5B05 /* Base */,
			);
			name = Main.storyboard;
			sourceTree = "<group>";
		};
		9AF0DB651DD5A43C00FE5B05 /* LaunchScreen.storyboard */ = {
			isa = PBXVariantGroup;
			children = (
				9AF0DB661DD5A43C00FE5B05 /* Base */,
			);
			name = LaunchScreen.storyboard;
			sourceTree = "<group>";
		};
/* End PBXVariantGroup section */

/* Begin XCBuildConfiguration section */
		9AF0DB691DD5A43C00FE5B05 /* Debug */ = {
			isa = XCBuildConfiguration;
			buildSettings = {
				ALWAYS_SEARCH_USER_PATHS = NO;
				CLANG_ANALYZER_NONNULL = YES;
				CLANG_CXX_LANGUAGE_STANDARD = "gnu++0x";
				CLANG_CXX_LIBRARY = "libc++";
				CLANG_ENABLE_MODULES = YES;
				CLANG_ENABLE_OBJC_ARC = YES;
				CLANG_WARN_BOOL_CONVERSION = YES;
				CLANG_WARN_CONSTANT_CONVERSION = YES;
				CLANG_WARN_DIRECT_OBJC_ISA_USAGE = YES_ERROR;
				CLANG_WARN_DOCUMENTATION_COMMENTS = YES;
				CLANG_WARN_EMPTY_BODY = YES;
				CLANG_WARN_ENUM_CONVERSION = YES;
				CLANG_WARN_INFINITE_RECURSION = YES;
				CLANG_WARN_INT_CONVERSION = YES;
				CLANG_WARN_OBJC_ROOT_CLASS = YES_ERROR;
				CLANG_WARN_SUSPICIOUS_MOVES = YES;
				CLANG_WARN_UNREACHABLE_CODE = YES;
				CLANG_WARN__DUPLICATE_METHOD_MATCH = YES;
				"CODE_SIGN_IDENTITY[sdk=iphoneos*]" = "iPhone Developer";
				COPY_PHASE_STRIP = NO;
				DEBUG_INFORMATION_FORMAT = dwarf;
				ENABLE_STRICT_OBJC_MSGSEND = YES;
				ENABLE_TESTABILITY = YES;
				GCC_C_LANGUAGE_STANDARD = gnu99;
				GCC_DYNAMIC_NO_PIC = NO;
				GCC_NO_COMMON_BLOCKS = YES;
				GCC_OPTIMIZATION_LEVEL = 0;
				GCC_PREPROCESSOR_DEFINITIONS = (
					"DEBUG=1",
					"$(inherited)",
				);
				GCC_WARN_64_TO_32_BIT_CONVERSION = YES;
				GCC_WARN_ABOUT_RETURN_TYPE = YES_ERROR;
				GCC_WARN_UNDECLARED_SELECTOR = YES;
				GCC_WARN_UNINITIALIZED_AUTOS = YES_AGGRESSIVE;
				GCC_WARN_UNUSED_FUNCTION = YES;
				GCC_WARN_UNUSED_VARIABLE = YES;
				IPHONEOS_DEPLOYMENT_TARGET = 10.1;
				MTL_ENABLE_DEBUG_INFO = YES;
				ONLY_ACTIVE_ARCH = YES;
				SDKROOT = iphoneos;
				SWIFT_ACTIVE_COMPILATION_CONDITIONS = DEBUG;
				SWIFT_OPTIMIZATION_LEVEL = "-Onone";
			};
			name = Debug;
		};
		9AF0DB6A1DD5A43C00FE5B05 /* Release */ = {
			isa = XCBuildConfiguration;
			buildSettings = {
				ALWAYS_SEARCH_USER_PATHS = NO;
				CLANG_ANALYZER_NONNULL = YES;
				CLANG_CXX_LANGUAGE_STANDARD = "gnu++0x";
				CLANG_CXX_LIBRARY = "libc++";
				CLANG_ENABLE_MODULES = YES;
				CLANG_ENABLE_OBJC_ARC = YES;
				CLANG_WARN_BOOL_CONVERSION = YES;
				CLANG_WARN_CONSTANT_CONVERSION = YES;
				CLANG_WARN_DIRECT_OBJC_ISA_USAGE = YES_ERROR;
				CLANG_WARN_DOCUMENTATION_COMMENTS = YES;
				CLANG_WARN_EMPTY_BODY = YES;
				CLANG_WARN_ENUM_CONVERSION = YES;
				CLANG_WARN_INFINITE_RECURSION = YES;
				CLANG_WARN_INT_CONVERSION = YES;
				CLANG_WARN_OBJC_ROOT_CLASS = YES_ERROR;
				CLANG_WARN_SUSPICIOUS_MOVES = YES;
				CLANG_WARN_UNREACHABLE_CODE = YES;
				CLANG_WARN__DUPLICATE_METHOD_MATCH = YES;
				"CODE_SIGN_IDENTITY[sdk=iphoneos*]" = "iPhone Developer";
				COPY_PHASE_STRIP = NO;
				DEBUG_INFORMATION_FORMAT = "dwarf-with-dsym";
				ENABLE_NS_ASSERTIONS = NO;
				ENABLE_STRICT_OBJC_MSGSEND = YES;
				GCC_C_LANGUAGE_STANDARD = gnu99;
				GCC_NO_COMMON_BLOCKS = YES;
				GCC_WARN_64_TO_32_BIT_CONVERSION = YES;
				GCC_WARN_ABOUT_RETURN_TYPE = YES_ERROR;
				GCC_WARN_UNDECLARED_SELECTOR = YES;
				GCC_WARN_UNINITIALIZED_AUTOS = YES_AGGRESSIVE;
				GCC_WARN_UNUSED_FUNCTION = YES;
				GCC_WARN_UNUSED_VARIABLE = YES;
				IPHONEOS_DEPLOYMENT_TARGET = 10.1;
				MTL_ENABLE_DEBUG_INFO = NO;
				SDKROOT = iphoneos;
				SWIFT_OPTIMIZATION_LEVEL = "-Owholemodule";
				VALIDATE_PRODUCT = YES;
			};
			name = Release;
		};
		9AF0DB6C1DD5A43C00FE5B05 /* Debug */ = {
			isa = XCBuildConfiguration;
			buildSettings = {
				ASSETCATALOG_COMPILER_APPICON_NAME = AppIcon;
				DEVELOPMENT_TEAM = 7SL7B4MD27;
				INFOPLIST_FILE = Algorithm_swift/Info.plist;
				LD_RUNPATH_SEARCH_PATHS = "$(inherited) @executable_path/Frameworks";
				PRODUCT_BUNDLE_IDENTIFIER = "com.hyn.Algorithm-swift";
				PRODUCT_NAME = "$(TARGET_NAME)";
				SWIFT_VERSION = 3.0;
			};
			name = Debug;
		};
		9AF0DB6D1DD5A43C00FE5B05 /* Release */ = {
			isa = XCBuildConfiguration;
			buildSettings = {
				ASSETCATALOG_COMPILER_APPICON_NAME = AppIcon;
				DEVELOPMENT_TEAM = 7SL7B4MD27;
				INFOPLIST_FILE = Algorithm_swift/Info.plist;
				LD_RUNPATH_SEARCH_PATHS = "$(inherited) @executable_path/Frameworks";
				PRODUCT_BUNDLE_IDENTIFIER = "com.hyn.Algorithm-swift";
				PRODUCT_NAME = "$(TARGET_NAME)";
				SWIFT_VERSION = 3.0;
			};
			name = Release;
		};
/* End XCBuildConfiguration section */

/* Begin XCConfigurationList section */
		9AF0DB541DD5A43B00FE5B05 /* Build configuration list for PBXProject "Algorithm_swift" */ = {
			isa = XCConfigurationList;
			buildConfigurations = (
				9AF0DB691DD5A43C00FE5B05 /* Debug */,
				9AF0DB6A1DD5A43C00FE5B05 /* Release */,
			);
			defaultConfigurationIsVisible = 0;
			defaultConfigurationName = Release;
		};
		9AF0DB6B1DD5A43C00FE5B05 /* Build configuration list for PBXNativeTarget "Algorithm_swift" */ = {
			isa = XCConfigurationList;
			buildConfigurations = (
				9AF0DB6C1DD5A43C00FE5B05 /* Debug */,
				9AF0DB6D1DD5A43C00FE5B05 /* Release */,
			);
			defaultConfigurationIsVisible = 0;
		};
/* End XCConfigurationList section */
	};
	rootObject = 9AF0DB511DD5A43B00FE5B05 /* Project object */;
}
